// !$*UTF8*$!
{
	archiveVersion = 1;
	classes = {
	};
	objectVersion = 46;
	objects = {

/* Begin PBXBuildFile section */
		D21F8FD41E8A77850024E924 /* NXRouter.m in Sources */ = {isa = PBXBuildFile; fileRef = D21F8FD31E8A77850024E924 /* NXRouter.m */; };
		D21F8FD61E8A77C10024E924 /* NXRouter.plist in Resources */ = {isa = PBXBuildFile; fileRef = D21F8FD51E8A77C10024E924 /* NXRouter.plist */; };
		D21F8FDB1E8A88E80024E924 /* NXAristotleViewController.m in Sources */ = {isa = PBXBuildFile; fileRef = D21F8FD91E8A88E80024E924 /* NXAristotleViewController.m */; };
		D21F8FDC1E8A88E80024E924 /* NXAristotleViewController.xib in Resources */ = {isa = PBXBuildFile; fileRef = D21F8FDA1E8A88E80024E924 /* NXAristotleViewController.xib */; };
		D242C8631E8914DF00FBE786 /* main.m in Sources */ = {isa = PBXBuildFile; fileRef = D242C8621E8914DF00FBE786 /* main.m */; };
		D242C8661E8914DF00FBE786 /* AppDelegate.m in Sources */ = {isa = PBXBuildFile; fileRef = D242C8651E8914DF00FBE786 /* AppDelegate.m */; };
		D242C8691E8914DF00FBE786 /* ViewController.m in Sources */ = {isa = PBXBuildFile; fileRef = D242C8681E8914DF00FBE786 /* ViewController.m */; };
		D242C86C1E8914DF00FBE786 /* Main.storyboard in Resources */ = {isa = PBXBuildFile; fileRef = D242C86A1E8914DF00FBE786 /* Main.storyboard */; };
		D242C86E1E8914DF00FBE786 /* Assets.xcassets in Resources */ = {isa = PBXBuildFile; fileRef = D242C86D1E8914DF00FBE786 /* Assets.xcassets */; };
		D242C8711E8914DF00FBE786 /* LaunchScreen.storyboard in Resources */ = {isa = PBXBuildFile; fileRef = D242C86F1E8914DF00FBE786 /* LaunchScreen.storyboard */; };
		D242C87C1E8914DF00FBE786 /* NXRouterTests.m in Sources */ = {isa = PBXBuildFile; fileRef = D242C87B1E8914DF00FBE786 /* NXRouterTests.m */; };
		D242C8871E8914DF00FBE786 /* NXRouterUITests.m in Sources */ = {isa = PBXBuildFile; fileRef = D242C8861E8914DF00FBE786 /* NXRouterUITests.m */; };
		D2CD2DD51E8B562F00B16B6A /* Info.plist in Resources */ = {isa = PBXBuildFile; fileRef = D2CD2DBF1E8B562F00B16B6A /* Info.plist */; };
		D2CD2DD61E8B562F00B16B6A /* MJExtensionConst.m in Sources */ = {isa = PBXBuildFile; fileRef = D2CD2DC21E8B562F00B16B6A /* MJExtensionConst.m */; };
		D2CD2DD71E8B562F00B16B6A /* MJFoundation.m in Sources */ = {isa = PBXBuildFile; fileRef = D2CD2DC41E8B562F00B16B6A /* MJFoundation.m */; };
		D2CD2DD81E8B562F00B16B6A /* MJProperty.m in Sources */ = {isa = PBXBuildFile; fileRef = D2CD2DC61E8B562F00B16B6A /* MJProperty.m */; };
		D2CD2DD91E8B562F00B16B6A /* MJPropertyKey.m in Sources */ = {isa = PBXBuildFile; fileRef = D2CD2DC81E8B562F00B16B6A /* MJPropertyKey.m */; };
		D2CD2DDA1E8B562F00B16B6A /* MJPropertyType.m in Sources */ = {isa = PBXBuildFile; fileRef = D2CD2DCA1E8B562F00B16B6A /* MJPropertyType.m */; };
		D2CD2DDB1E8B562F00B16B6A /* NSObject+MJClass.m in Sources */ = {isa = PBXBuildFile; fileRef = D2CD2DCC1E8B562F00B16B6A /* NSObject+MJClass.m */; };
		D2CD2DDC1E8B562F00B16B6A /* NSObject+MJCoding.m in Sources */ = {isa = PBXBuildFile; fileRef = D2CD2DCE1E8B562F00B16B6A /* NSObject+MJCoding.m */; };
		D2CD2DDD1E8B562F00B16B6A /* NSObject+MJKeyValue.m in Sources */ = {isa = PBXBuildFile; fileRef = D2CD2DD01E8B562F00B16B6A /* NSObject+MJKeyValue.m */; };
		D2CD2DDE1E8B562F00B16B6A /* NSObject+MJProperty.m in Sources */ = {isa = PBXBuildFile; fileRef = D2CD2DD21E8B562F00B16B6A /* NSObject+MJProperty.m */; };
		D2CD2DDF1E8B562F00B16B6A /* NSString+MJExtension.m in Sources */ = {isa = PBXBuildFile; fileRef = D2CD2DD41E8B562F00B16B6A /* NSString+MJExtension.m */; };
/* End PBXBuildFile section */

/* Begin PBXContainerItemProxy section */
		D242C8781E8914DF00FBE786 /* PBXContainerItemProxy */ = {
			isa = PBXContainerItemProxy;
			containerPortal = D242C8561E8914DF00FBE786 /* Project object */;
			proxyType = 1;
			remoteGlobalIDString = D242C85D1E8914DF00FBE786;
			remoteInfo = NXRouter;
		};
		D242C8831E8914DF00FBE786 /* PBXContainerItemProxy */ = {
			isa = PBXContainerItemProxy;
			containerPortal = D242C8561E8914DF00FBE786 /* Project object */;
			proxyType = 1;
			remoteGlobalIDString = D242C85D1E8914DF00FBE786;
			remoteInfo = NXRouter;
		};
/* End PBXContainerItemProxy section */

/* Begin PBXFileReference section */
		D21F8FD21E8A77850024E924 /* NXRouter.h */ = {isa = PBXFileReference; fileEncoding = 4; lastKnownFileType = sourcecode.c.h; path = NXRouter.h; sourceTree = "<group>"; };
		D21F8FD31E8A77850024E924 /* NXRouter.m */ = {isa = PBXFileReference; fileEncoding = 4; lastKnownFileType = sourcecode.c.objc; path = NXRouter.m; sourceTree = "<group>"; };
		D21F8FD51E8A77C10024E924 /* NXRouter.plist */ = {isa = PBXFileReference; fileEncoding = 4; lastKnownFileType = text.plist.xml; path = NXRouter.plist; sourceTree = "<group>"; };
		D21F8FD71E8A87BF0024E924 /* NXRouter-Prefix.pch */ = {isa = PBXFileReference; lastKnownFileType = sourcecode.c.h; path = "NXRouter-Prefix.pch"; sourceTree = "<group>"; };
		D21F8FD81E8A88E80024E924 /* NXAristotleViewController.h */ = {isa = PBXFileReference; fileEncoding = 4; lastKnownFileType = sourcecode.c.h; path = NXAristotleViewController.h; sourceTree = "<group>"; };
		D21F8FD91E8A88E80024E924 /* NXAristotleViewController.m */ = {isa = PBXFileReference; fileEncoding = 4; lastKnownFileType = sourcecode.c.objc; path = NXAristotleViewController.m; sourceTree = "<group>"; };
		D21F8FDA1E8A88E80024E924 /* NXAristotleViewController.xib */ = {isa = PBXFileReference; fileEncoding = 4; lastKnownFileType = file.xib; path = NXAristotleViewController.xib; sourceTree = "<group>"; };
		D242C85E1E8914DF00FBE786 /* NXRouter.app */ = {isa = PBXFileReference; explicitFileType = wrapper.application; includeInIndex = 0; path = NXRouter.app; sourceTree = BUILT_PRODUCTS_DIR; };
		D242C8621E8914DF00FBE786 /* main.m */ = {isa = PBXFileReference; lastKnownFileType = sourcecode.c.objc; path = main.m; sourceTree = "<group>"; };
		D242C8641E8914DF00FBE786 /* AppDelegate.h */ = {isa = PBXFileReference; lastKnownFileType = sourcecode.c.h; path = AppDelegate.h; sourceTree = "<group>"; };
		D242C8651E8914DF00FBE786 /* AppDelegate.m */ = {isa = PBXFileReference; lastKnownFileType = sourcecode.c.objc; path = AppDelegate.m; sourceTree = "<group>"; };
		D242C8671E8914DF00FBE786 /* ViewController.h */ = {isa = PBXFileReference; lastKnownFileType = sourcecode.c.h; path = ViewController.h; sourceTree = "<group>"; };
		D242C8681E8914DF00FBE786 /* ViewController.m */ = {isa = PBXFileReference; lastKnownFileType = sourcecode.c.objc; path = ViewController.m; sourceTree = "<group>"; };
		D242C86B1E8914DF00FBE786 /* Base */ = {isa = PBXFileReference; lastKnownFileType = file.storyboard; name = Base; path = Base.lproj/Main.storyboard; sourceTree = "<group>"; };
		D242C86D1E8914DF00FBE786 /* Assets.xcassets */ = {isa = PBXFileReference; lastKnownFileType = folder.assetcatalog; path = Assets.xcassets; sourceTree = "<group>"; };
		D242C8701E8914DF00FBE786 /* Base */ = {isa = PBXFileReference; lastKnownFileType = file.storyboard; name = Base; path = Base.lproj/LaunchScreen.storyboard; sourceTree = "<group>"; };
		D242C8721E8914DF00FBE786 /* Info.plist */ = {isa = PBXFileReference; lastKnownFileType = text.plist.xml; path = Info.plist; sourceTree = "<group>"; };
		D242C8771E8914DF00FBE786 /* NXRouterTests.xctest */ = {isa = PBXFileReference; explicitFileType = wrapper.cfbundle; includeInIndex = 0; path = NXRouterTests.xctest; sourceTree = BUILT_PRODUCTS_DIR; };
		D242C87B1E8914DF00FBE786 /* NXRouterTests.m */ = {isa = PBXFileReference; lastKnownFileType = sourcecode.c.objc; path = NXRouterTests.m; sourceTree = "<group>"; };
		D242C87D1E8914DF00FBE786 /* Info.plist */ = {isa = PBXFileReference; lastKnownFileType = text.plist.xml; path = Info.plist; sourceTree = "<group>"; };
		D242C8821E8914DF00FBE786 /* NXRouterUITests.xctest */ = {isa = PBXFileReference; explicitFileType = wrapper.cfbundle; includeInIndex = 0; path = NXRouterUITests.xctest; sourceTree = BUILT_PRODUCTS_DIR; };
		D242C8861E8914DF00FBE786 /* NXRouterUITests.m */ = {isa = PBXFileReference; lastKnownFileType = sourcecode.c.objc; path = NXRouterUITests.m; sourceTree = "<group>"; };
		D242C8881E8914DF00FBE786 /* Info.plist */ = {isa = PBXFileReference; lastKnownFileType = text.plist.xml; path = Info.plist; sourceTree = "<group>"; };
		D2CD2DBF1E8B562F00B16B6A /* Info.plist */ = {isa = PBXFileReference; fileEncoding = 4; lastKnownFileType = text.plist.xml; path = Info.plist; sourceTree = "<group>"; };
		D2CD2DC01E8B562F00B16B6A /* MJExtension.h */ = {isa = PBXFileReference; fileEncoding = 4; lastKnownFileType = sourcecode.c.h; path = MJExtension.h; sourceTree = "<group>"; };
		D2CD2DC11E8B562F00B16B6A /* MJExtensionConst.h */ = {isa = PBXFileReference; fileEncoding = 4; lastKnownFileType = sourcecode.c.h; path = MJExtensionConst.h; sourceTree = "<group>"; };
		D2CD2DC21E8B562F00B16B6A /* MJExtensionConst.m */ = {isa = PBXFileReference; fileEncoding = 4; lastKnownFileType = sourcecode.c.objc; path = MJExtensionConst.m; sourceTree = "<group>"; };
		D2CD2DC31E8B562F00B16B6A /* MJFoundation.h */ = {isa = PBXFileReference; fileEncoding = 4; lastKnownFileType = sourcecode.c.h; path = MJFoundation.h; sourceTree = "<group>"; };
		D2CD2DC41E8B562F00B16B6A /* MJFoundation.m */ = {isa = PBXFileReference; fileEncoding = 4; lastKnownFileType = sourcecode.c.objc; path = MJFoundation.m; sourceTree = "<group>"; };
		D2CD2DC51E8B562F00B16B6A /* MJProperty.h */ = {isa = PBXFileReference; fileEncoding = 4; lastKnownFileType = sourcecode.c.h; path = MJProperty.h; sourceTree = "<group>"; };
		D2CD2DC61E8B562F00B16B6A /* MJProperty.m */ = {isa = PBXFileReference; fileEncoding = 4; lastKnownFileType = sourcecode.c.objc; path = MJProperty.m; sourceTree = "<group>"; };
		D2CD2DC71E8B562F00B16B6A /* MJPropertyKey.h */ = {isa = PBXFileReference; fileEncoding = 4; lastKnownFileType = sourcecode.c.h; path = MJPropertyKey.h; sourceTree = "<group>"; };
		D2CD2DC81E8B562F00B16B6A /* MJPropertyKey.m */ = {isa = PBXFileReference; fileEncoding = 4; lastKnownFileType = sourcecode.c.objc; path = MJPropertyKey.m; sourceTree = "<group>"; };
		D2CD2DC91E8B562F00B16B6A /* MJPropertyType.h */ = {isa = PBXFileReference; fileEncoding = 4; lastKnownFileType = sourcecode.c.h; path = MJPropertyType.h; sourceTree = "<group>"; };
		D2CD2DCA1E8B562F00B16B6A /* MJPropertyType.m */ = {isa = PBXFileReference; fileEncoding = 4; lastKnownFileType = sourcecode.c.objc; path = MJPropertyType.m; sourceTree = "<group>"; };
		D2CD2DCB1E8B562F00B16B6A /* NSObject+MJClass.h */ = {isa = PBXFileReference; fileEncoding = 4; lastKnownFileType = sourcecode.c.h; path = "NSObject+MJClass.h"; sourceTree = "<group>"; };
		D2CD2DCC1E8B562F00B16B6A /* NSObject+MJClass.m */ = {isa = PBXFileReference; fileEncoding = 4; lastKnownFileType = sourcecode.c.objc; path = "NSObject+MJClass.m"; sourceTree = "<group>"; };
		D2CD2DCD1E8B562F00B16B6A /* NSObject+MJCoding.h */ = {isa = PBXFileReference; fileEncoding = 4; lastKnownFileType = sourcecode.c.h; path = "NSObject+MJCoding.h"; sourceTree = "<group>"; };
		D2CD2DCE1E8B562F00B16B6A /* NSObject+MJCoding.m */ = {isa = PBXFileReference; fileEncoding = 4; lastKnownFileType = sourcecode.c.objc; path = "NSObject+MJCoding.m"; sourceTree = "<group>"; };
		D2CD2DCF1E8B562F00B16B6A /* NSObject+MJKeyValue.h */ = {isa = PBXFileReference; fileEncoding = 4; lastKnownFileType = sourcecode.c.h; path = "NSObject+MJKeyValue.h"; sourceTree = "<group>"; };
		D2CD2DD01E8B562F00B16B6A /* NSObject+MJKeyValue.m */ = {isa = PBXFileReference; fileEncoding = 4; lastKnownFileType = sourcecode.c.objc; path = "NSObject+MJKeyValue.m"; sourceTree = "<group>"; };
		D2CD2DD11E8B562F00B16B6A /* NSObject+MJProperty.h */ = {isa = PBXFileReference; fileEncoding = 4; lastKnownFileType = sourcecode.c.h; path = "NSObject+MJProperty.h"; sourceTree = "<group>"; };
		D2CD2DD21E8B562F00B16B6A /* NSObject+MJProperty.m */ = {isa = PBXFileReference; fileEncoding = 4; lastKnownFileType = sourcecode.c.objc; path = "NSObject+MJProperty.m"; sourceTree = "<group>"; };
		D2CD2DD31E8B562F00B16B6A /* NSString+MJExtension.h */ = {isa = PBXFileReference; fileEncoding = 4; lastKnownFileType = sourcecode.c.h; path = "NSString+MJExtension.h"; sourceTree = "<group>"; };
		D2CD2DD41E8B562F00B16B6A /* NSString+MJExtension.m */ = {isa = PBXFileReference; fileEncoding = 4; lastKnownFileType = sourcecode.c.objc; path = "NSString+MJExtension.m"; sourceTree = "<group>"; };
/* End PBXFileReference section */

/* Begin PBXFrameworksBuildPhase section */
		D242C85B1E8914DF00FBE786 /* Frameworks */ = {
			isa = PBXFrameworksBuildPhase;
			buildActionMask = 2147483647;
			files = (
			);
			runOnlyForDeploymentPostprocessing = 0;
		};
		D242C8741E8914DF00FBE786 /* Frameworks */ = {
			isa = PBXFrameworksBuildPhase;
			buildActionMask = 2147483647;
			files = (
			);
			runOnlyForDeploymentPostprocessing = 0;
		};
		D242C87F1E8914DF00FBE786 /* Frameworks */ = {
			isa = PBXFrameworksBuildPhase;
			buildActionMask = 2147483647;
			files = (
			);
			runOnlyForDeploymentPostprocessing = 0;
		};
/* End PBXFrameworksBuildPhase section */

/* Begin PBXGroup section */
		D21F8FD11E8A77700024E924 /* NXRouter */ = {
			isa = PBXGroup;
			children = (
				D21F8FD21E8A77850024E924 /* NXRouter.h */,
				D21F8FD31E8A77850024E924 /* NXRouter.m */,
				D21F8FD51E8A77C10024E924 /* NXRouter.plist */,
			);
			path = NXRouter;
			sourceTree = "<group>";
		};
		D242C8551E8914DF00FBE786 = {
			isa = PBXGroup;
			children = (
				D242C8601E8914DF00FBE786 /* NXRouter */,
				D242C87A1E8914DF00FBE786 /* NXRouterTests */,
				D242C8851E8914DF00FBE786 /* NXRouterUITests */,
				D242C85F1E8914DF00FBE786 /* Products */,
			);
			sourceTree = "<group>";
		};
		D242C85F1E8914DF00FBE786 /* Products */ = {
			isa = PBXGroup;
			children = (
				D242C85E1E8914DF00FBE786 /* NXRouter.app */,
				D242C8771E8914DF00FBE786 /* NXRouterTests.xctest */,
				D242C8821E8914DF00FBE786 /* NXRouterUITests.xctest */,
			);
			name = Products;
			sourceTree = "<group>";
		};
		D242C8601E8914DF00FBE786 /* NXRouter */ = {
			isa = PBXGroup;
			children = (
				D2CD2DBD1E8B562800B16B6A /* lib */,
				D21F8FD11E8A77700024E924 /* NXRouter */,
				D242C8641E8914DF00FBE786 /* AppDelegate.h */,
				D242C8651E8914DF00FBE786 /* AppDelegate.m */,
				D242C8671E8914DF00FBE786 /* ViewController.h */,
				D242C8681E8914DF00FBE786 /* ViewController.m */,
				D21F8FD81E8A88E80024E924 /* NXAristotleViewController.h */,
				D21F8FD91E8A88E80024E924 /* NXAristotleViewController.m */,
				D21F8FDA1E8A88E80024E924 /* NXAristotleViewController.xib */,
				D242C86A1E8914DF00FBE786 /* Main.storyboard */,
				D242C86D1E8914DF00FBE786 /* Assets.xcassets */,
				D242C86F1E8914DF00FBE786 /* LaunchScreen.storyboard */,
				D242C8721E8914DF00FBE786 /* Info.plist */,
				D242C8611E8914DF00FBE786 /* Supporting Files */,
			);
			path = NXRouter;
			sourceTree = "<group>";
		};
		D242C8611E8914DF00FBE786 /* Supporting Files */ = {
			isa = PBXGroup;
			children = (
				D242C8621E8914DF00FBE786 /* main.m */,
				D21F8FD71E8A87BF0024E924 /* NXRouter-Prefix.pch */,
			);
			name = "Supporting Files";
			sourceTree = "<group>";
		};
		D242C87A1E8914DF00FBE786 /* NXRouterTests */ = {
			isa = PBXGroup;
			children = (
				D242C87B1E8914DF00FBE786 /* NXRouterTests.m */,
				D242C87D1E8914DF00FBE786 /* Info.plist */,
			);
			path = NXRouterTests;
			sourceTree = "<group>";
		};
		D242C8851E8914DF00FBE786 /* NXRouterUITests */ = {
			isa = PBXGroup;
			children = (
				D242C8861E8914DF00FBE786 /* NXRouterUITests.m */,
				D242C8881E8914DF00FBE786 /* Info.plist */,
			);
			path = NXRouterUITests;
			sourceTree = "<group>";
		};
		D2CD2DBD1E8B562800B16B6A /* lib */ = {
			isa = PBXGroup;
			children = (
				D2CD2DBE1E8B562F00B16B6A /* MJExtension */,
			);
			path = lib;
			sourceTree = "<group>";
		};
		D2CD2DBE1E8B562F00B16B6A /* MJExtension */ = {
			isa = PBXGroup;
			children = (
				D2CD2DBF1E8B562F00B16B6A /* Info.plist */,
				D2CD2DC01E8B562F00B16B6A /* MJExtension.h */,
				D2CD2DC11E8B562F00B16B6A /* MJExtensionConst.h */,
				D2CD2DC21E8B562F00B16B6A /* MJExtensionConst.m */,
				D2CD2DC31E8B562F00B16B6A /* MJFoundation.h */,
				D2CD2DC41E8B562F00B16B6A /* MJFoundation.m */,
				D2CD2DC51E8B562F00B16B6A /* MJProperty.h */,
				D2CD2DC61E8B562F00B16B6A /* MJProperty.m */,
				D2CD2DC71E8B562F00B16B6A /* MJPropertyKey.h */,
				D2CD2DC81E8B562F00B16B6A /* MJPropertyKey.m */,
				D2CD2DC91E8B562F00B16B6A /* MJPropertyType.h */,
				D2CD2DCA1E8B562F00B16B6A /* MJPropertyType.m */,
				D2CD2DCB1E8B562F00B16B6A /* NSObject+MJClass.h */,
				D2CD2DCC1E8B562F00B16B6A /* NSObject+MJClass.m */,
				D2CD2DCD1E8B562F00B16B6A /* NSObject+MJCoding.h */,
				D2CD2DCE1E8B562F00B16B6A /* NSObject+MJCoding.m */,
				D2CD2DCF1E8B562F00B16B6A /* NSObject+MJKeyValue.h */,
				D2CD2DD01E8B562F00B16B6A /* NSObject+MJKeyValue.m */,
				D2CD2DD11E8B562F00B16B6A /* NSObject+MJProperty.h */,
				D2CD2DD21E8B562F00B16B6A /* NSObject+MJProperty.m */,
				D2CD2DD31E8B562F00B16B6A /* NSString+MJExtension.h */,
				D2CD2DD41E8B562F00B16B6A /* NSString+MJExtension.m */,
			);
			path = MJExtension;
			sourceTree = "<group>";
		};
/* End PBXGroup section */

/* Begin PBXNativeTarget section */
		D242C85D1E8914DF00FBE786 /* NXRouter */ = {
			isa = PBXNativeTarget;
			buildConfigurationList = D242C88B1E8914DF00FBE786 /* Build configuration list for PBXNativeTarget "NXRouter" */;
			buildPhases = (
				D242C85A1E8914DF00FBE786 /* Sources */,
				D242C85B1E8914DF00FBE786 /* Frameworks */,
				D242C85C1E8914DF00FBE786 /* Resources */,
			);
			buildRules = (
			);
			dependencies = (
			);
			name = NXRouter;
			productName = NXRouter;
			productReference = D242C85E1E8914DF00FBE786 /* NXRouter.app */;
			productType = "com.apple.product-type.application";
		};
		D242C8761E8914DF00FBE786 /* NXRouterTests */ = {
			isa = PBXNativeTarget;
			buildConfigurationList = D242C88E1E8914DF00FBE786 /* Build configuration list for PBXNativeTarget "NXRouterTests" */;
			buildPhases = (
				D242C8731E8914DF00FBE786 /* Sources */,
				D242C8741E8914DF00FBE786 /* Frameworks */,
				D242C8751E8914DF00FBE786 /* Resources */,
			);
			buildRules = (
			);
			dependencies = (
				D242C8791E8914DF00FBE786 /* PBXTargetDependency */,
			);
			name = NXRouterTests;
			productName = NXRouterTests;
			productReference = D242C8771E8914DF00FBE786 /* NXRouterTests.xctest */;
			productType = "com.apple.product-type.bundle.unit-test";
		};
		D242C8811E8914DF00FBE786 /* NXRouterUITests */ = {
			isa = PBXNativeTarget;
			buildConfigurationList = D242C8911E8914DF00FBE786 /* Build configuration list for PBXNativeTarget "NXRouterUITests" */;
			buildPhases = (
				D242C87E1E8914DF00FBE786 /* Sources */,
				D242C87F1E8914DF00FBE786 /* Frameworks */,
				D242C8801E8914DF00FBE786 /* Resources */,
			);
			buildRules = (
			);
			dependencies = (
				D242C8841E8914DF00FBE786 /* PBXTargetDependency */,
			);
			name = NXRouterUITests;
			productName = NXRouterUITests;
			productReference = D242C8821E8914DF00FBE786 /* NXRouterUITests.xctest */;
			productType = "com.apple.product-type.bundle.ui-testing";
		};
/* End PBXNativeTarget section */

/* Begin PBXProject section */
		D242C8561E8914DF00FBE786 /* Project object */ = {
			isa = PBXProject;
			attributes = {
				LastUpgradeCheck = 0820;
				ORGANIZATIONNAME = NXAristotle;
				TargetAttributes = {
					D242C85D1E8914DF00FBE786 = {
						CreatedOnToolsVersion = 8.2.1;
						DevelopmentTeam = L6R48C9T9C;
						ProvisioningStyle = Automatic;
					};
					D242C8761E8914DF00FBE786 = {
						CreatedOnToolsVersion = 8.2.1;
						DevelopmentTeam = L6R48C9T9C;
						ProvisioningStyle = Automatic;
						TestTargetID = D242C85D1E8914DF00FBE786;
					};
					D242C8811E8914DF00FBE786 = {
						CreatedOnToolsVersion = 8.2.1;
						DevelopmentTeam = L6R48C9T9C;
						ProvisioningStyle = Automatic;
						TestTargetID = D242C85D1E8914DF00FBE786;
					};
				};
			};
			buildConfigurationList = D242C8591E8914DF00FBE786 /* Build configuration list for PBXProject "NXRouter" */;
			compatibilityVersion = "Xcode 3.2";
			developmentRegion = English;
			hasScannedForEncodings = 0;
			knownRegions = (
				en,
				Base,
			);
			mainGroup = D242C8551E8914DF00FBE786;
			productRefGroup = D242C85F1E8914DF00FBE786 /* Products */;
			projectDirPath = "";
			projectRoot = "";
			targets = (
				D242C85D1E8914DF00FBE786 /* NXRouter */,
				D242C8761E8914DF00FBE786 /* NXRouterTests */,
				D242C8811E8914DF00FBE786 /* NXRouterUITests */,
			);
		};
/* End PBXProject section */

/* Begin PBXResourcesBuildPhase section */
		D242C85C1E8914DF00FBE786 /* Resources */ = {
			isa = PBXResourcesBuildPhase;
			buildActionMask = 2147483647;
			files = (
				D242C8711E8914DF00FBE786 /* LaunchScreen.storyboard in Resources */,
				D21F8FDC1E8A88E80024E924 /* NXAristotleViewController.xib in Resources */,
				D2CD2DD51E8B562F00B16B6A /* Info.plist in Resources */,
				D242C86E1E8914DF00FBE786 /* Assets.xcassets in Resources */,
				D242C86C1E8914DF00FBE786 /* Main.storyboard in Resources */,
				D21F8FD61E8A77C10024E924 /* NXRouter.plist in Resources */,
			);
			runOnlyForDeploymentPostprocessing = 0;
		};
		D242C8751E8914DF00FBE786 /* Resources */ = {
			isa = PBXResourcesBuildPhase;
			buildActionMask = 2147483647;
			files = (
			);
			runOnlyForDeploymentPostprocessing = 0;
		};
		D242C8801E8914DF00FBE786 /* Resources */ = {
			isa = PBXResourcesBuildPhase;
			buildActionMask = 2147483647;
			files = (
			);
			runOnlyForDeploymentPostprocessing = 0;
		};
/* End PBXResourcesBuildPhase section */

/* Begin PBXSourcesBuildPhase section */
		D242C85A1E8914DF00FBE786 /* Sources */ = {
			isa = PBXSourcesBuildPhase;
			buildActionMask = 2147483647;
			files = (
				D21F8FD41E8A77850024E924 /* NXRouter.m in Sources */,
				D2CD2DD71E8B562F00B16B6A /* MJFoundation.m in Sources */,
				D2CD2DDD1E8B562F00B16B6A /* NSObject+MJKeyValue.m in Sources */,
				D242C8691E8914DF00FBE786 /* ViewController.m in Sources */,
				D2CD2DD81E8B562F00B16B6A /* MJProperty.m in Sources */,
				D2CD2DD91E8B562F00B16B6A /* MJPropertyKey.m in Sources */,
				D2CD2DDA1E8B562F00B16B6A /* MJPropertyType.m in Sources */,
				D2CD2DDB1E8B562F00B16B6A /* NSObject+MJClass.m in Sources */,
				D2CD2DDF1E8B562F00B16B6A /* NSString+MJExtension.m in Sources */,
				D242C8661E8914DF00FBE786 /* AppDelegate.m in Sources */,
				D2CD2DDE1E8B562F00B16B6A /* NSObject+MJProperty.m in Sources */,
				D2CD2DDC1E8B562F00B16B6A /* NSObject+MJCoding.m in Sources */,
				D242C8631E8914DF00FBE786 /* main.m in Sources */,
				D2CD2DD61E8B562F00B16B6A /* MJExtensionConst.m in Sources */,
				D21F8FDB1E8A88E80024E924 /* NXAristotleViewController.m in Sources */,
			);
			runOnlyForDeploymentPostprocessing = 0;
		};
		D242C8731E8914DF00FBE786 /* Sources */ = {
			isa = PBXSourcesBuildPhase;
			buildActionMask = 2147483647;
			files = (
				D242C87C1E8914DF00FBE786 /* NXRouterTests.m in Sources */,
			);
			runOnlyForDeploymentPostprocessing = 0;
		};
		D242C87E1E8914DF00FBE786 /* Sources */ = {
			isa = PBXSourcesBuildPhase;
			buildActionMask = 2147483647;
			files = (
				D242C8871E8914DF00FBE786 /* NXRouterUITests.m in Sources */,
			);
			runOnlyForDeploymentPostprocessing = 0;
		};
/* End PBXSourcesBuildPhase section */

/* Begin PBXTargetDependency section */
		D242C8791E8914DF00FBE786 /* PBXTargetDependency */ = {
			isa = PBXTargetDependency;
			target = D242C85D1E8914DF00FBE786 /* NXRouter */;
			targetProxy = D242C8781E8914DF00FBE786 /* PBXContainerItemProxy */;
		};
		D242C8841E8914DF00FBE786 /* PBXTargetDependency */ = {
			isa = PBXTargetDependency;
			target = D242C85D1E8914DF00FBE786 /* NXRouter */;
			targetProxy = D242C8831E8914DF00FBE786 /* PBXContainerItemProxy */;
		};
/* End PBXTargetDependency section */

/* Begin PBXVariantGroup section */
		D242C86A1E8914DF00FBE786 /* Main.storyboard */ = {
			isa = PBXVariantGroup;
			children = (
				D242C86B1E8914DF00FBE786 /* Base */,
			);
			name = Main.storyboard;
			sourceTree = "<group>";
		};
		D242C86F1E8914DF00FBE786 /* LaunchScreen.storyboard */ = {
			isa = PBXVariantGroup;
			children = (
				D242C8701E8914DF00FBE786 /* Base */,
			);
			name = LaunchScreen.storyboard;
			sourceTree = "<group>";
		};
/* End PBXVariantGroup section */

/* Begin XCBuildConfiguration section */
		D242C8891E8914DF00FBE786 /* Debug */ = {
			isa = XCBuildConfiguration;
			buildSettings = {
				ALWAYS_SEARCH_USER_PATHS = NO;
				CLANG_ANALYZER_NONNULL = YES;
				CLANG_CXX_LANGUAGE_STANDARD = "gnu++0x";
				CLANG_CXX_LIBRARY = "libc++";
				CLANG_ENABLE_MODULES = YES;
				CLANG_ENABLE_OBJC_ARC = YES;
				CLANG_WARN_BOOL_CONVERSION = YES;
				CLANG_WARN_CONSTANT_CONVERSION = YES;
				CLANG_WARN_DIRECT_OBJC_ISA_USAGE = YES_ERROR;
				CLANG_WARN_DOCUMENTATION_COMMENTS = YES;
				CLANG_WARN_EMPTY_BODY = YES;
				CLANG_WARN_ENUM_CONVERSION = YES;
				CLANG_WARN_INFINITE_RECURSION = YES;
				CLANG_WARN_INT_CONVERSION = YES;
				CLANG_WARN_OBJC_ROOT_CLASS = YES_ERROR;
				CLANG_WARN_SUSPICIOUS_MOVE = YES;
				CLANG_WARN_UNREACHABLE_CODE = YES;
				CLANG_WARN__DUPLICATE_METHOD_MATCH = YES;
				"CODE_SIGN_IDENTITY[sdk=iphoneos*]" = "iPhone Developer";
				COPY_PHASE_STRIP = NO;
				DEBUG_INFORMATION_FORMAT = dwarf;
				ENABLE_STRICT_OBJC_MSGSEND = YES;
				ENABLE_TESTABILITY = YES;
				GCC_C_LANGUAGE_STANDARD = gnu99;
				GCC_DYNAMIC_NO_PIC = NO;
				GCC_NO_COMMON_BLOCKS = YES;
				GCC_OPTIMIZATION_LEVEL = 0;
				GCC_PREPROCESSOR_DEFINITIONS = (
					"DEBUG=1",
					"$(inherited)",
				);
				GCC_WARN_64_TO_32_BIT_CONVERSION = YES;
				GCC_WARN_ABOUT_RETURN_TYPE = YES_ERROR;
				GCC_WARN_UNDECLARED_SELECTOR = YES;
				GCC_WARN_UNINITIALIZED_AUTOS = YES_AGGRESSIVE;
				GCC_WARN_UNUSED_FUNCTION = YES;
				GCC_WARN_UNUSED_VARIABLE = YES;
				IPHONEOS_DEPLOYMENT_TARGET = 10.2;
				MTL_ENABLE_DEBUG_INFO = YES;
				ONLY_ACTIVE_ARCH = YES;
				SDKROOT = iphoneos;
			};
			name = Debug;
		};
		D242C88A1E8914DF00FBE786 /* Release */ = {
			isa = XCBuildConfiguration;
			buildSettings = {
				ALWAYS_SEARCH_USER_PATHS = NO;
				CLANG_ANALYZER_NONNULL = YES;
				CLANG_CXX_LANGUAGE_STANDARD = "gnu++0x";
				CLANG_CXX_LIBRARY = "libc++";
				CLANG_ENABLE_MODULES = YES;
				CLANG_ENABLE_OBJC_ARC = YES;
				CLANG_WARN_BOOL_CONVERSION = YES;
				CLANG_WARN_CONSTANT_CONVERSION = YES;
				CLANG_WARN_DIRECT_OBJC_ISA_USAGE = YES_ERROR;
				CLANG_WARN_DOCUMENTATION_COMMENTS = YES;
				CLANG_WARN_EMPTY_BODY = YES;
				CLANG_WARN_ENUM_CONVERSION = YES;
				CLANG_WARN_INFINITE_RECURSION = YES;
				CLANG_WARN_INT_CONVERSION = YES;
				CLANG_WARN_OBJC_ROOT_CLASS = YES_ERROR;
				CLANG_WARN_SUSPICIOUS_MOVE = YES;
				CLANG_WARN_UNREACHABLE_CODE = YES;
				CLANG_WARN__DUPLICATE_METHOD_MATCH = YES;
				"CODE_SIGN_IDENTITY[sdk=iphoneos*]" = "iPhone Developer";
				COPY_PHASE_STRIP = NO;
				DEBUG_INFORMATION_FORMAT = "dwarf-with-dsym";
				ENABLE_NS_ASSERTIONS = NO;
				ENABLE_STRICT_OBJC_MSGSEND = YES;
				GCC_C_LANGUAGE_STANDARD = gnu99;
				GCC_NO_COMMON_BLOCKS = YES;
				GCC_WARN_64_TO_32_BIT_CONVERSION = YES;
				GCC_WARN_ABOUT_RETURN_TYPE = YES_ERROR;
				GCC_WARN_UNDECLARED_SELECTOR = YES;
				GCC_WARN_UNINITIALIZED_AUTOS = YES_AGGRESSIVE;
				GCC_WARN_UNUSED_FUNCTION = YES;
				GCC_WARN_UNUSED_VARIABLE = YES;
				IPHONEOS_DEPLOYMENT_TARGET = 10.2;
				MTL_ENABLE_DEBUG_INFO = NO;
				SDKROOT = iphoneos;
				VALIDATE_PRODUCT = YES;
			};
			name = Release;
		};
		D242C88C1E8914DF00FBE786 /* Debug */ = {
			isa = XCBuildConfiguration;
			buildSettings = {
				ASSETCATALOG_COMPILER_APPICON_NAME = AppIcon;
				ASSETCATALOG_COMPILER_LAUNCHIMAGE_NAME = LaunchImage;
				DEVELOPMENT_TEAM = L6R48C9T9C;
				GCC_PREFIX_HEADER = "$(SRCROOT)/NXRouter/NXRouter-Prefix.pch";
				INFOPLIST_FILE = NXRouter/Info.plist;
				IPHONEOS_DEPLOYMENT_TARGET = 7.0;
				LD_RUNPATH_SEARCH_PATHS = "$(inherited) @executable_path/Frameworks";
				PRODUCT_BUNDLE_IDENTIFIER = com.xywy.NXRouter.NXRouter;
				PRODUCT_NAME = "$(TARGET_NAME)";
			};
			name = Debug;
		};
		D242C88D1E8914DF00FBE786 /* Release */ = {
			isa = XCBuildConfiguration;
			buildSettings = {
				ASSETCATALOG_COMPILER_APPICON_NAME = AppIcon;
				ASSETCATALOG_COMPILER_LAUNCHIMAGE_NAME = LaunchImage;
				DEVELOPMENT_TEAM = L6R48C9T9C;
				GCC_PREFIX_HEADER = "$(SRCROOT)/NXRouter/NXRouter-Prefix.pch";
				INFOPLIST_FILE = NXRouter/Info.plist;
				IPHONEOS_DEPLOYMENT_TARGET = 7.0;
				LD_RUNPATH_SEARCH_PATHS = "$(inherited) @executable_path/Frameworks";
				PRODUCT_BUNDLE_IDENTIFIER = com.xywy.NXRouter.NXRouter;
				PRODUCT_NAME = "$(TARGET_NAME)";
			};
			name = Release;
		};
		D242C88F1E8914DF00FBE786 /* Debug */ = {
			isa = XCBuildConfiguration;
			buildSettings = {
				BUNDLE_LOADER = "$(TEST_HOST)";
				DEVELOPMENT_TEAM = L6R48C9T9C;
				INFOPLIST_FILE = NXRouterTests/Info.plist;
				LD_RUNPATH_SEARCH_PATHS = "$(inherited) @executable_path/Frameworks @loader_path/Frameworks";
				PRODUCT_BUNDLE_IDENTIFIER = com.xywy.NXRouter.NXRouterTests;
				PRODUCT_NAME = "$(TARGET_NAME)";
				TEST_HOST = "$(BUILT_PRODUCTS_DIR)/NXRouter.app/NXRouter";
			};
			name = Debug;
		};
		D242C8901E8914DF00FBE786 /* Release */ = {
			isa = XCBuildConfiguration;
			buildSettings = {
				BUNDLE_LOADER = "$(TEST_HOST)";
				DEVELOPMENT_TEAM = L6R48C9T9C;
				INFOPLIST_FILE = NXRouterTests/Info.plist;
				LD_RUNPATH_SEARCH_PATHS = "$(inherited) @executable_path/Frameworks @loader_path/Frameworks";
				PRODUCT_BUNDLE_IDENTIFIER = com.xywy.NXRouter.NXRouterTests;
				PRODUCT_NAME = "$(TARGET_NAME)";
				TEST_HOST = "$(BUILT_PRODUCTS_DIR)/NXRouter.app/NXRouter";
			};
			name = Release;
		};
		D242C8921E8914DF00FBE786 /* Debug */ = {
			isa = XCBuildConfiguration;
			buildSettings = {
				DEVELOPMENT_TEAM = L6R48C9T9C;
				INFOPLIST_FILE = NXRouterUITests/Info.plist;
				LD_RUNPATH_SEARCH_PATHS = "$(inherited) @executable_path/Frameworks @loader_path/Frameworks";
				PRODUCT_BUNDLE_IDENTIFIER = com.xywy.NXRouter.NXRouterUITests;
				PRODUCT_NAME = "$(TARGET_NAME)";
				TEST_TARGET_NAME = NXRouter;
			};
			name = Debug;
		};
		D242C8931E8914DF00FBE786 /* Release */ = {
			isa = XCBuildConfiguration;
			buildSettings = {
				DEVELOPMENT_TEAM = L6R48C9T9C;
				INFOPLIST_FILE = NXRouterUITests/Info.plist;
				LD_RUNPATH_SEARCH_PATHS = "$(inherited) @executable_path/Frameworks @loader_path/Frameworks";
				PRODUCT_BUNDLE_IDENTIFIER = com.xywy.NXRouter.NXRouterUITests;
				PRODUCT_NAME = "$(TARGET_NAME)";
				TEST_TARGET_NAME = NXRouter;
			};
			name = Release;
		};
/* End XCBuildConfiguration section */

/* Begin XCConfigurationList section */
		D242C8591E8914DF00FBE786 /* Build configuration list for PBXProject "NXRouter" */ = {
			isa = XCConfigurationList;
			buildConfigurations = (
				D242C8891E8914DF00FBE786 /* Debug */,
				D242C88A1E8914DF00FBE786 /* Release */,
			);
			defaultConfigurationIsVisible = 0;
			defaultConfigurationName = Release;
		};
		D242C88B1E8914DF00FBE786 /* Build configuration list for PBXNativeTarget "NXRouter" */ = {
			isa = XCConfigurationList;
			buildConfigurations = (
				D242C88C1E8914DF00FBE786 /* Debug */,
				D242C88D1E8914DF00FBE786 /* Release */,
			);
			defaultConfigurationIsVisible = 0;
			defaultConfigurationName = Release;
		};
		D242C88E1E8914DF00FBE786 /* Build configuration list for PBXNativeTarget "NXRouterTests" */ = {
			isa = XCConfigurationList;
			buildConfigurations = (
				D242C88F1E8914DF00FBE786 /* Debug */,
				D242C8901E8914DF00FBE786 /* Release */,
			);
			defaultConfigurationIsVisible = 0;
			defaultConfigurationName = Release;
		};
		D242C8911E8914DF00FBE786 /* Build configuration list for PBXNativeTarget "NXRouterUITests" */ = {
			isa = XCConfigurationList;
			buildConfigurations = (
				D242C8921E8914DF00FBE786 /* Debug */,
				D242C8931E8914DF00FBE786 /* Release */,
			);
			defaultConfigurationIsVisible = 0;
			defaultConfigurationName = Release;
		};
/* End XCConfigurationList section */
	};
	rootObject = D242C8561E8914DF00FBE786 /* Project object */;
}
